
Microsoft Visual Studio Solution File, Format Version 12.00
# Visual Studio Version 16
VisualStudioVersion = 16.0.30204.135
MinimumVisualStudioVersion = 10.0.40219.1
Project("{FAE04EC0-301F-11D3-BF4B-00C04F79EFBC}") = "Asteroids", "Asteroids\Asteroids.csproj", "{98A0E2F0-D01B-410F-8678-808EFBFAB01D}"
EndProject
Global
	GlobalSection(SolutionConfigurationPlatforms) = preSolution
		Debug|Any CPU = Debug|Any CPU
		Release|Any CPU = Release|Any CPU
	EndGlobalSection
	GlobalSection(ProjectConfigurationPlatforms) = postSolution
		{98A0E2F0-D01B-410F-8678-808EFBFAB01D}.Debug|Any CPU.ActiveCfg = Debug|Any CPU
		{98A0E2F0-D01B-410F-8678-808EFBFAB01D}.Debug|Any CPU.Build.0 = Debug|Any CPU
		{98A0E2F0-D01B-410F-8678-808EFBFAB01D}.Release|Any CPU.ActiveCfg = Release|Any CPU
		{98A0E2F0-D01B-410F-8678-808EFBFAB01D}.Release|Any CPU.Build.0 = Release|Any CPU
	EndGlobalSection
	GlobalSection(SolutionProperties) = preSolution
		HideSolutionNode = FALSE
	EndGlobalSection
	GlobalSection(ExtensibilityGlobals) = postSolution
		SolutionGuid = {878A9734-5ACE-44C9-AE15-A8A5BAC4560A}
	EndGlobalSection
EndGlobal
